
Microsoft Visual Studio Solution File, Format Version 11.00
# Visual Studio 2010
Project("{FAE04EC0-301F-11D3-BF4B-00C04F79EFBC}") = "SunInfo", "SunInfo\SunInfo.csproj", "{21884ED1-5E3E-4DBB-ADDD-0A19E620CB1A}"
EndProject
Project("{FAE04EC0-301F-11D3-BF4B-00C04F79EFBC}") = "SunInfo.AstroAlgorithms", "SunInfo.AstroAlgorithms\SunInfo.AstroAlgorithms.csproj", "{2EE7033A-8FEC-4E8C-9ABA-43E90F8A18B9}"
EndProject
Global
	GlobalSection(SolutionConfigurationPlatforms) = preSolution
		Debug|Any CPU = Debug|Any CPU
		Release|Any CPU = Release|Any CPU
	EndGlobalSection
	GlobalSection(ProjectConfigurationPlatforms) = postSolution
		{21884ED1-5E3E-4DBB-ADDD-0A19E620CB1A}.Debug|Any CPU.ActiveCfg = Debug|Any CPU
		{21884ED1-5E3E-4DBB-ADDD-0A19E620CB1A}.Debug|Any CPU.Build.0 = Debug|Any CPU
		{21884ED1-5E3E-4DBB-ADDD-0A19E620CB1A}.Debug|Any CPU.Deploy.0 = Debug|Any CPU
		{21884ED1-5E3E-4DBB-ADDD-0A19E620CB1A}.Release|Any CPU.ActiveCfg = Release|Any CPU
		{21884ED1-5E3E-4DBB-ADDD-0A19E620CB1A}.Release|Any CPU.Build.0 = Release|Any CPU
		{21884ED1-5E3E-4DBB-ADDD-0A19E620CB1A}.Release|Any CPU.Deploy.0 = Release|Any CPU
		{2EE7033A-8FEC-4E8C-9ABA-43E90F8A18B9}.Debug|Any CPU.ActiveCfg = Debug|Any CPU
		{2EE7033A-8FEC-4E8C-9ABA-43E90F8A18B9}.Debug|Any CPU.Build.0 = Debug|Any CPU
		{2EE7033A-8FEC-4E8C-9ABA-43E90F8A18B9}.Release|Any CPU.ActiveCfg = Release|Any CPU
		{2EE7033A-8FEC-4E8C-9ABA-43E90F8A18B9}.Release|Any CPU.Build.0 = Release|Any CPU
	EndGlobalSection
	GlobalSection(SolutionProperties) = preSolution
		HideSolutionNode = FALSE
	EndGlobalSection
EndGlobal
